// !$*UTF8*$!
{
	archiveVersion = 1;
	classes = {
	};
	objectVersion = 56;
	objects = {

/* Begin PBXBuildFile section */
		8B3A76002942531A00E3AB7C /* PersistenceController.swift in Sources */ = {isa = PBXBuildFile; fileRef = 8B3A75FF2942531A00E3AB7C /* PersistenceController.swift */; };
		8B3A76032942574C00E3AB7C /* PredicateKit in Frameworks */ = {isa = PBXBuildFile; productRef = 8B3A76022942574C00E3AB7C /* PredicateKit */; };
		8B3A76052942620300E3AB7C /* FeedItemModel.swift in Sources */ = {isa = PBXBuildFile; fileRef = 8B3A76042942620300E3AB7C /* FeedItemModel.swift */; };
		8B721FF7293D07E4006B618E /* PaperboyApp.swift in Sources */ = {isa = PBXBuildFile; fileRef = 8B721FF6293D07E4006B618E /* PaperboyApp.swift */; };
		8B721FF9293D07E4006B618E /* ContentView.swift in Sources */ = {isa = PBXBuildFile; fileRef = 8B721FF8293D07E4006B618E /* ContentView.swift */; };
		8B721FFB293D07E5006B618E /* Assets.xcassets in Resources */ = {isa = PBXBuildFile; fileRef = 8B721FFA293D07E5006B618E /* Assets.xcassets */; };
		8B721FFF293D07E5006B618E /* Preview Assets.xcassets in Resources */ = {isa = PBXBuildFile; fileRef = 8B721FFE293D07E5006B618E /* Preview Assets.xcassets */; };
		8B722007293D080F006B618E /* FeedKit in Frameworks */ = {isa = PBXBuildFile; productRef = 8B722006293D080F006B618E /* FeedKit */; };
		8B72200A293D09C8006B618E /* FeedListView.swift in Sources */ = {isa = PBXBuildFile; fileRef = 8B722009293D09C8006B618E /* FeedListView.swift */; };
		8B72200C293D09D7006B618E /* FeedItemListView.swift in Sources */ = {isa = PBXBuildFile; fileRef = 8B72200B293D09D7006B618E /* FeedItemListView.swift */; };
		8B722010293D09F3006B618E /* FeedItemContentView.swift in Sources */ = {isa = PBXBuildFile; fileRef = 8B72200F293D09F3006B618E /* FeedItemContentView.swift */; };
		8B722013293D0F58006B618E /* FeedItemProtocol.swift in Sources */ = {isa = PBXBuildFile; fileRef = 8B722012293D0F58006B618E /* FeedItemProtocol.swift */; };
		8B722015293D0F6F006B618E /* RSS+FeedItemProtocol.swift in Sources */ = {isa = PBXBuildFile; fileRef = 8B722014293D0F6F006B618E /* RSS+FeedItemProtocol.swift */; };
		8B722017293D0FB4006B618E /* FeedProtocol.swift in Sources */ = {isa = PBXBuildFile; fileRef = 8B722016293D0FB4006B618E /* FeedProtocol.swift */; };
		8B722019293D0FF1006B618E /* RSS+FeedProtocol.swift in Sources */ = {isa = PBXBuildFile; fileRef = 8B722018293D0FF1006B618E /* RSS+FeedProtocol.swift */; };
		8B766E1329424C8B00CFBDA8 /* FeedModel.swift in Sources */ = {isa = PBXBuildFile; fileRef = 8B766E1229424C8B00CFBDA8 /* FeedModel.swift */; };
		8B766E1729424F6000CFBDA8 /* Paperboy.xcdatamodeld in Sources */ = {isa = PBXBuildFile; fileRef = 8B766E1429424E4C00CFBDA8 /* Paperboy.xcdatamodeld */; };
		8B8A837829451E6800D93109 /* FeedListRow.swift in Sources */ = {isa = PBXBuildFile; fileRef = 8B8A837729451E6800D93109 /* FeedListRow.swift */; };
		8B8A837B2945294B00D93109 /* FaviconFinder in Frameworks */ = {isa = PBXBuildFile; productRef = 8B8A837A2945294B00D93109 /* FaviconFinder */; };
		8B8A837D29452A8100D93109 /* FeedItemListRow.swift in Sources */ = {isa = PBXBuildFile; fileRef = 8B8A837C29452A8100D93109 /* FeedItemListRow.swift */; };
		8B8A83802945306100D93109 /* SwiftSoup in Frameworks */ = {isa = PBXBuildFile; productRef = 8B8A837F2945306100D93109 /* SwiftSoup */; };
/* End PBXBuildFile section */

/* Begin PBXFileReference section */
		8B3A75FF2942531A00E3AB7C /* PersistenceController.swift */ = {isa = PBXFileReference; lastKnownFileType = sourcecode.swift; path = PersistenceController.swift; sourceTree = "<group>"; };
		8B3A76042942620300E3AB7C /* FeedItemModel.swift */ = {isa = PBXFileReference; lastKnownFileType = sourcecode.swift; path = FeedItemModel.swift; sourceTree = "<group>"; };
		8B721FF3293D07E4006B618E /* Paperboy.app */ = {isa = PBXFileReference; explicitFileType = wrapper.application; includeInIndex = 0; path = Paperboy.app; sourceTree = BUILT_PRODUCTS_DIR; };
		8B721FF6293D07E4006B618E /* PaperboyApp.swift */ = {isa = PBXFileReference; lastKnownFileType = sourcecode.swift; path = PaperboyApp.swift; sourceTree = "<group>"; };
		8B721FF8293D07E4006B618E /* ContentView.swift */ = {isa = PBXFileReference; lastKnownFileType = sourcecode.swift; path = ContentView.swift; sourceTree = "<group>"; };
		8B721FFA293D07E5006B618E /* Assets.xcassets */ = {isa = PBXFileReference; lastKnownFileType = folder.assetcatalog; path = Assets.xcassets; sourceTree = "<group>"; };
		8B721FFC293D07E5006B618E /* Paperboy.entitlements */ = {isa = PBXFileReference; lastKnownFileType = text.plist.entitlements; path = Paperboy.entitlements; sourceTree = "<group>"; };
		8B721FFE293D07E5006B618E /* Preview Assets.xcassets */ = {isa = PBXFileReference; lastKnownFileType = folder.assetcatalog; path = "Preview Assets.xcassets"; sourceTree = "<group>"; };
		8B722009293D09C8006B618E /* FeedListView.swift */ = {isa = PBXFileReference; lastKnownFileType = sourcecode.swift; path = FeedListView.swift; sourceTree = "<group>"; };
		8B72200B293D09D7006B618E /* FeedItemListView.swift */ = {isa = PBXFileReference; lastKnownFileType = sourcecode.swift; path = FeedItemListView.swift; sourceTree = "<group>"; };
		8B72200F293D09F3006B618E /* FeedItemContentView.swift */ = {isa = PBXFileReference; lastKnownFileType = sourcecode.swift; path = FeedItemContentView.swift; sourceTree = "<group>"; };
		8B722012293D0F58006B618E /* FeedItemProtocol.swift */ = {isa = PBXFileReference; lastKnownFileType = sourcecode.swift; path = FeedItemProtocol.swift; sourceTree = "<group>"; };
		8B722014293D0F6F006B618E /* RSS+FeedItemProtocol.swift */ = {isa = PBXFileReference; lastKnownFileType = sourcecode.swift; path = "RSS+FeedItemProtocol.swift"; sourceTree = "<group>"; };
		8B722016293D0FB4006B618E /* FeedProtocol.swift */ = {isa = PBXFileReference; lastKnownFileType = sourcecode.swift; path = FeedProtocol.swift; sourceTree = "<group>"; };
		8B722018293D0FF1006B618E /* RSS+FeedProtocol.swift */ = {isa = PBXFileReference; lastKnownFileType = sourcecode.swift; path = "RSS+FeedProtocol.swift"; sourceTree = "<group>"; };
		8B766E1229424C8B00CFBDA8 /* FeedModel.swift */ = {isa = PBXFileReference; lastKnownFileType = sourcecode.swift; path = FeedModel.swift; sourceTree = "<group>"; };
		8B766E1529424E4C00CFBDA8 /* Paperboy.xcdatamodel */ = {isa = PBXFileReference; lastKnownFileType = wrapper.xcdatamodel; path = Paperboy.xcdatamodel; sourceTree = "<group>"; };
		8B8A837729451E6800D93109 /* FeedListRow.swift */ = {isa = PBXFileReference; lastKnownFileType = sourcecode.swift; path = FeedListRow.swift; sourceTree = "<group>"; };
		8B8A837C29452A8100D93109 /* FeedItemListRow.swift */ = {isa = PBXFileReference; lastKnownFileType = sourcecode.swift; path = FeedItemListRow.swift; sourceTree = "<group>"; };
/* End PBXFileReference section */

/* Begin PBXFrameworksBuildPhase section */
		8B721FF0293D07E4006B618E /* Frameworks */ = {
			isa = PBXFrameworksBuildPhase;
			buildActionMask = 2147483647;
			files = (
				8B8A837B2945294B00D93109 /* FaviconFinder in Frameworks */,
				8B8A83802945306100D93109 /* SwiftSoup in Frameworks */,
				8B722007293D080F006B618E /* FeedKit in Frameworks */,
				8B3A76032942574C00E3AB7C /* PredicateKit in Frameworks */,
			);
			runOnlyForDeploymentPostprocessing = 0;
		};
/* End PBXFrameworksBuildPhase section */

/* Begin PBXGroup section */
		8B721FEA293D07E4006B618E = {
			isa = PBXGroup;
			children = (
				8B721FF5293D07E4006B618E /* Paperboy */,
				8B721FF4293D07E4006B618E /* Products */,
			);
			sourceTree = "<group>";
		};
		8B721FF4293D07E4006B618E /* Products */ = {
			isa = PBXGroup;
			children = (
				8B721FF3293D07E4006B618E /* Paperboy.app */,
			);
			name = Products;
			sourceTree = "<group>";
		};
		8B721FF5293D07E4006B618E /* Paperboy */ = {
			isa = PBXGroup;
			children = (
				8B722011293D0F48006B618E /* Feed Extensions */,
				8B766E1129424C7D00CFBDA8 /* Models */,
				8B722008293D09AF006B618E /* Views */,
				8B721FF8293D07E4006B618E /* ContentView.swift */,
				8B721FF6293D07E4006B618E /* PaperboyApp.swift */,
				8B3A75FF2942531A00E3AB7C /* PersistenceController.swift */,
				8B721FFA293D07E5006B618E /* Assets.xcassets */,
				8B721FFC293D07E5006B618E /* Paperboy.entitlements */,
				8B721FFD293D07E5006B618E /* Preview Content */,
				8B766E1429424E4C00CFBDA8 /* Paperboy.xcdatamodeld */,
			);
			path = Paperboy;
			sourceTree = "<group>";
		};
		8B721FFD293D07E5006B618E /* Preview Content */ = {
			isa = PBXGroup;
			children = (
				8B721FFE293D07E5006B618E /* Preview Assets.xcassets */,
			);
			path = "Preview Content";
			sourceTree = "<group>";
		};
		8B722008293D09AF006B618E /* Views */ = {
			isa = PBXGroup;
			children = (
				8B72200F293D09F3006B618E /* FeedItemContentView.swift */,
				8B72200B293D09D7006B618E /* FeedItemListView.swift */,
				8B8A837C29452A8100D93109 /* FeedItemListRow.swift */,
				8B722009293D09C8006B618E /* FeedListView.swift */,
				8B8A837729451E6800D93109 /* FeedListRow.swift */,
			);
			path = Views;
			sourceTree = "<group>";
		};
		8B722011293D0F48006B618E /* Feed Extensions */ = {
			isa = PBXGroup;
			children = (
				8B722012293D0F58006B618E /* FeedItemProtocol.swift */,
				8B722014293D0F6F006B618E /* RSS+FeedItemProtocol.swift */,
				8B722016293D0FB4006B618E /* FeedProtocol.swift */,
				8B722018293D0FF1006B618E /* RSS+FeedProtocol.swift */,
			);
			path = "Feed Extensions";
			sourceTree = "<group>";
		};
		8B766E1129424C7D00CFBDA8 /* Models */ = {
			isa = PBXGroup;
			children = (
				8B766E1229424C8B00CFBDA8 /* FeedModel.swift */,
				8B3A76042942620300E3AB7C /* FeedItemModel.swift */,
			);
			path = Models;
			sourceTree = "<group>";
		};
/* End PBXGroup section */

/* Begin PBXNativeTarget section */
		8B721FF2293D07E4006B618E /* Paperboy */ = {
			isa = PBXNativeTarget;
			buildConfigurationList = 8B722002293D07E5006B618E /* Build configuration list for PBXNativeTarget "Paperboy" */;
			buildPhases = (
				8B721FEF293D07E4006B618E /* Sources */,
				8B721FF0293D07E4006B618E /* Frameworks */,
				8B721FF1293D07E4006B618E /* Resources */,
			);
			buildRules = (
			);
			dependencies = (
			);
			name = Paperboy;
			packageProductDependencies = (
				8B722006293D080F006B618E /* FeedKit */,
				8B3A76022942574C00E3AB7C /* PredicateKit */,
				8B8A837A2945294B00D93109 /* FaviconFinder */,
				8B8A837F2945306100D93109 /* SwiftSoup */,
			);
			productName = Paperboy;
			productReference = 8B721FF3293D07E4006B618E /* Paperboy.app */;
			productType = "com.apple.product-type.application";
		};
/* End PBXNativeTarget section */

/* Begin PBXProject section */
		8B721FEB293D07E4006B618E /* Project object */ = {
			isa = PBXProject;
			attributes = {
				BuildIndependentTargetsInParallel = 1;
				LastSwiftUpdateCheck = 1410;
				LastUpgradeCheck = 1410;
				TargetAttributes = {
					8B721FF2293D07E4006B618E = {
						CreatedOnToolsVersion = 14.1;
					};
				};
			};
			buildConfigurationList = 8B721FEE293D07E4006B618E /* Build configuration list for PBXProject "Paperboy" */;
			compatibilityVersion = "Xcode 14.0";
			developmentRegion = en;
			hasScannedForEncodings = 0;
			knownRegions = (
				en,
				Base,
			);
			mainGroup = 8B721FEA293D07E4006B618E;
			packageReferences = (
				8B722005293D080F006B618E /* XCRemoteSwiftPackageReference "FeedKit" */,
				8B3A76012942574C00E3AB7C /* XCRemoteSwiftPackageReference "PredicateKit" */,
				8B8A83792945294B00D93109 /* XCRemoteSwiftPackageReference "FaviconFinder" */,
				8B8A837E2945306100D93109 /* XCRemoteSwiftPackageReference "SwiftSoup" */,
			);
			productRefGroup = 8B721FF4293D07E4006B618E /* Products */;
			projectDirPath = "";
			projectRoot = "";
			targets = (
				8B721FF2293D07E4006B618E /* Paperboy */,
			);
		};
/* End PBXProject section */

/* Begin PBXResourcesBuildPhase section */
		8B721FF1293D07E4006B618E /* Resources */ = {
			isa = PBXResourcesBuildPhase;
			buildActionMask = 2147483647;
			files = (
				8B721FFF293D07E5006B618E /* Preview Assets.xcassets in Resources */,
				8B721FFB293D07E5006B618E /* Assets.xcassets in Resources */,
			);
			runOnlyForDeploymentPostprocessing = 0;
		};
/* End PBXResourcesBuildPhase section */

/* Begin PBXSourcesBuildPhase section */
		8B721FEF293D07E4006B618E /* Sources */ = {
			isa = PBXSourcesBuildPhase;
			buildActionMask = 2147483647;
			files = (
				8B722015293D0F6F006B618E /* RSS+FeedItemProtocol.swift in Sources */,
				8B72200A293D09C8006B618E /* FeedListView.swift in Sources */,
				8B8A837829451E6800D93109 /* FeedListRow.swift in Sources */,
				8B3A76052942620300E3AB7C /* FeedItemModel.swift in Sources */,
				8B721FF9293D07E4006B618E /* ContentView.swift in Sources */,
				8B3A76002942531A00E3AB7C /* PersistenceController.swift in Sources */,
				8B8A837D29452A8100D93109 /* FeedItemListRow.swift in Sources */,
				8B722017293D0FB4006B618E /* FeedProtocol.swift in Sources */,
				8B721FF7293D07E4006B618E /* PaperboyApp.swift in Sources */,
				8B72200C293D09D7006B618E /* FeedItemListView.swift in Sources */,
				8B766E1729424F6000CFBDA8 /* Paperboy.xcdatamodeld in Sources */,
				8B722013293D0F58006B618E /* FeedItemProtocol.swift in Sources */,
				8B766E1329424C8B00CFBDA8 /* FeedModel.swift in Sources */,
				8B722019293D0FF1006B618E /* RSS+FeedProtocol.swift in Sources */,
				8B722010293D09F3006B618E /* FeedItemContentView.swift in Sources */,
			);
			runOnlyForDeploymentPostprocessing = 0;
		};
/* End PBXSourcesBuildPhase section */

/* Begin XCBuildConfiguration section */
		8B722000293D07E5006B618E /* Debug */ = {
			isa = XCBuildConfiguration;
			buildSettings = {
				ALWAYS_SEARCH_USER_PATHS = NO;
				CLANG_ANALYZER_NONNULL = YES;
				CLANG_ANALYZER_NUMBER_OBJECT_CONVERSION = YES_AGGRESSIVE;
				CLANG_CXX_LANGUAGE_STANDARD = "gnu++20";
				CLANG_ENABLE_MODULES = YES;
				CLANG_ENABLE_OBJC_ARC = YES;
				CLANG_ENABLE_OBJC_WEAK = YES;
				CLANG_WARN_BLOCK_CAPTURE_AUTORELEASING = YES;
				CLANG_WARN_BOOL_CONVERSION = YES;
				CLANG_WARN_COMMA = YES;
				CLANG_WARN_CONSTANT_CONVERSION = YES;
				CLANG_WARN_DEPRECATED_OBJC_IMPLEMENTATIONS = YES;
				CLANG_WARN_DIRECT_OBJC_ISA_USAGE = YES_ERROR;
				CLANG_WARN_DOCUMENTATION_COMMENTS = YES;
				CLANG_WARN_EMPTY_BODY = YES;
				CLANG_WARN_ENUM_CONVERSION = YES;
				CLANG_WARN_INFINITE_RECURSION = YES;
				CLANG_WARN_INT_CONVERSION = YES;
				CLANG_WARN_NON_LITERAL_NULL_CONVERSION = YES;
				CLANG_WARN_OBJC_IMPLICIT_RETAIN_SELF = YES;
				CLANG_WARN_OBJC_LITERAL_CONVERSION = YES;
				CLANG_WARN_OBJC_ROOT_CLASS = YES_ERROR;
				CLANG_WARN_QUOTED_INCLUDE_IN_FRAMEWORK_HEADER = YES;
				CLANG_WARN_RANGE_LOOP_ANALYSIS = YES;
				CLANG_WARN_STRICT_PROTOTYPES = YES;
				CLANG_WARN_SUSPICIOUS_MOVE = YES;
				CLANG_WARN_UNGUARDED_AVAILABILITY = YES_AGGRESSIVE;
				CLANG_WARN_UNREACHABLE_CODE = YES;
				CLANG_WARN__DUPLICATE_METHOD_MATCH = YES;
				COPY_PHASE_STRIP = NO;
				DEBUG_INFORMATION_FORMAT = dwarf;
				ENABLE_STRICT_OBJC_MSGSEND = YES;
				ENABLE_TESTABILITY = YES;
				GCC_C_LANGUAGE_STANDARD = gnu11;
				GCC_DYNAMIC_NO_PIC = NO;
				GCC_NO_COMMON_BLOCKS = YES;
				GCC_OPTIMIZATION_LEVEL = 0;
				GCC_PREPROCESSOR_DEFINITIONS = (
					"DEBUG=1",
					"$(inherited)",
				);
				GCC_WARN_64_TO_32_BIT_CONVERSION = YES;
				GCC_WARN_ABOUT_RETURN_TYPE = YES_ERROR;
				GCC_WARN_UNDECLARED_SELECTOR = YES;
				GCC_WARN_UNINITIALIZED_AUTOS = YES_AGGRESSIVE;
				GCC_WARN_UNUSED_FUNCTION = YES;
				GCC_WARN_UNUSED_VARIABLE = YES;
				MTL_ENABLE_DEBUG_INFO = INCLUDE_SOURCE;
				MTL_FAST_MATH = YES;
				ONLY_ACTIVE_ARCH = YES;
				SWIFT_ACTIVE_COMPILATION_CONDITIONS = DEBUG;
				SWIFT_OPTIMIZATION_LEVEL = "-Onone";
			};
			name = Debug;
		};
		8B722001293D07E5006B618E /* Release */ = {
			isa = XCBuildConfiguration;
			buildSettings = {
				ALWAYS_SEARCH_USER_PATHS = NO;
				CLANG_ANALYZER_NONNULL = YES;
				CLANG_ANALYZER_NUMBER_OBJECT_CONVERSION = YES_AGGRESSIVE;
				CLANG_CXX_LANGUAGE_STANDARD = "gnu++20";
				CLANG_ENABLE_MODULES = YES;
				CLANG_ENABLE_OBJC_ARC = YES;
				CLANG_ENABLE_OBJC_WEAK = YES;
				CLANG_WARN_BLOCK_CAPTURE_AUTORELEASING = YES;
				CLANG_WARN_BOOL_CONVERSION = YES;
				CLANG_WARN_COMMA = YES;
				CLANG_WARN_CONSTANT_CONVERSION = YES;
				CLANG_WARN_DEPRECATED_OBJC_IMPLEMENTATIONS = YES;
				CLANG_WARN_DIRECT_OBJC_ISA_USAGE = YES_ERROR;
				CLANG_WARN_DOCUMENTATION_COMMENTS = YES;
				CLANG_WARN_EMPTY_BODY = YES;
				CLANG_WARN_ENUM_CONVERSION = YES;
				CLANG_WARN_INFINITE_RECURSION = YES;
				CLANG_WARN_INT_CONVERSION = YES;
				CLANG_WARN_NON_LITERAL_NULL_CONVERSION = YES;
				CLANG_WARN_OBJC_IMPLICIT_RETAIN_SELF = YES;
				CLANG_WARN_OBJC_LITERAL_CONVERSION = YES;
				CLANG_WARN_OBJC_ROOT_CLASS = YES_ERROR;
				CLANG_WARN_QUOTED_INCLUDE_IN_FRAMEWORK_HEADER = YES;
				CLANG_WARN_RANGE_LOOP_ANALYSIS = YES;
				CLANG_WARN_STRICT_PROTOTYPES = YES;
				CLANG_WARN_SUSPICIOUS_MOVE = YES;
				CLANG_WARN_UNGUARDED_AVAILABILITY = YES_AGGRESSIVE;
				CLANG_WARN_UNREACHABLE_CODE = YES;
				CLANG_WARN__DUPLICATE_METHOD_MATCH = YES;
				COPY_PHASE_STRIP = NO;
				DEBUG_INFORMATION_FORMAT = "dwarf-with-dsym";
				ENABLE_NS_ASSERTIONS = NO;
				ENABLE_STRICT_OBJC_MSGSEND = YES;
				GCC_C_LANGUAGE_STANDARD = gnu11;
				GCC_NO_COMMON_BLOCKS = YES;
				GCC_WARN_64_TO_32_BIT_CONVERSION = YES;
				GCC_WARN_ABOUT_RETURN_TYPE = YES_ERROR;
				GCC_WARN_UNDECLARED_SELECTOR = YES;
				GCC_WARN_UNINITIALIZED_AUTOS = YES_AGGRESSIVE;
				GCC_WARN_UNUSED_FUNCTION = YES;
				GCC_WARN_UNUSED_VARIABLE = YES;
				MTL_ENABLE_DEBUG_INFO = NO;
				MTL_FAST_MATH = YES;
				SWIFT_COMPILATION_MODE = wholemodule;
				SWIFT_OPTIMIZATION_LEVEL = "-O";
			};
			name = Release;
		};
		8B722003293D07E5006B618E /* Debug */ = {
			isa = XCBuildConfiguration;
			buildSettings = {
				ASSETCATALOG_COMPILER_APPICON_NAME = AppIcon;
				ASSETCATALOG_COMPILER_GLOBAL_ACCENT_COLOR_NAME = AccentColor;
				CODE_SIGN_ENTITLEMENTS = Paperboy/Paperboy.entitlements;
				CODE_SIGN_STYLE = Automatic;
				CURRENT_PROJECT_VERSION = 1;
				DEVELOPMENT_ASSET_PATHS = "\"Paperboy/Preview Content\"";
				DEVELOPMENT_TEAM = BZTVD28H6K;
				ENABLE_HARDENED_RUNTIME = YES;
				ENABLE_PREVIEWS = YES;
				GENERATE_INFOPLIST_FILE = YES;
				"INFOPLIST_KEY_UIApplicationSceneManifest_Generation[sdk=iphoneos*]" = YES;
				"INFOPLIST_KEY_UIApplicationSceneManifest_Generation[sdk=iphonesimulator*]" = YES;
				"INFOPLIST_KEY_UIApplicationSupportsIndirectInputEvents[sdk=iphoneos*]" = YES;
				"INFOPLIST_KEY_UIApplicationSupportsIndirectInputEvents[sdk=iphonesimulator*]" = YES;
				"INFOPLIST_KEY_UILaunchScreen_Generation[sdk=iphoneos*]" = YES;
				"INFOPLIST_KEY_UILaunchScreen_Generation[sdk=iphonesimulator*]" = YES;
				"INFOPLIST_KEY_UIStatusBarStyle[sdk=iphoneos*]" = UIStatusBarStyleDefault;
				"INFOPLIST_KEY_UIStatusBarStyle[sdk=iphonesimulator*]" = UIStatusBarStyleDefault;
				INFOPLIST_KEY_UISupportedInterfaceOrientations_iPad = "UIInterfaceOrientationPortrait UIInterfaceOrientationPortraitUpsideDown UIInterfaceOrientationLandscapeLeft UIInterfaceOrientationLandscapeRight";
				INFOPLIST_KEY_UISupportedInterfaceOrientations_iPhone = "UIInterfaceOrientationPortrait UIInterfaceOrientationLandscapeLeft UIInterfaceOrientationLandscapeRight";
				IPHONEOS_DEPLOYMENT_TARGET = 16.1;
				LD_RUNPATH_SEARCH_PATHS = "@executable_path/Frameworks";
				"LD_RUNPATH_SEARCH_PATHS[sdk=macosx*]" = "@executable_path/../Frameworks";
				MACOSX_DEPLOYMENT_TARGET = 13.0;
				MARKETING_VERSION = 1.0;
				PRODUCT_BUNDLE_IDENTIFIER = com.persello.Paperboy;
				PRODUCT_NAME = "$(TARGET_NAME)";
				SDKROOT = auto;
				SUPPORTED_PLATFORMS = "iphoneos iphonesimulator macosx";
				SWIFT_EMIT_LOC_STRINGS = YES;
				SWIFT_VERSION = 5.0;
				TARGETED_DEVICE_FAMILY = "1,2";
			};
			name = Debug;
		};
		8B722004293D07E5006B618E /* Release */ = {
			isa = XCBuildConfiguration;
			buildSettings = {
				ASSETCATALOG_COMPILER_APPICON_NAME = AppIcon;
				ASSETCATALOG_COMPILER_GLOBAL_ACCENT_COLOR_NAME = AccentColor;
				CODE_SIGN_ENTITLEMENTS = Paperboy/Paperboy.entitlements;
				CODE_SIGN_STYLE = Automatic;
				CURRENT_PROJECT_VERSION = 1;
				DEVELOPMENT_ASSET_PATHS = "\"Paperboy/Preview Content\"";
				DEVELOPMENT_TEAM = BZTVD28H6K;
				ENABLE_HARDENED_RUNTIME = YES;
				ENABLE_PREVIEWS = YES;
				GENERATE_INFOPLIST_FILE = YES;
				"INFOPLIST_KEY_UIApplicationSceneManifest_Generation[sdk=iphoneos*]" = YES;
				"INFOPLIST_KEY_UIApplicationSceneManifest_Generation[sdk=iphonesimulator*]" = YES;
				"INFOPLIST_KEY_UIApplicationSupportsIndirectInputEvents[sdk=iphoneos*]" = YES;
				"INFOPLIST_KEY_UIApplicationSupportsIndirectInputEvents[sdk=iphonesimulator*]" = YES;
				"INFOPLIST_KEY_UILaunchScreen_Generation[sdk=iphoneos*]" = YES;
				"INFOPLIST_KEY_UILaunchScreen_Generation[sdk=iphonesimulator*]" = YES;
				"INFOPLIST_KEY_UIStatusBarStyle[sdk=iphoneos*]" = UIStatusBarStyleDefault;
				"INFOPLIST_KEY_UIStatusBarStyle[sdk=iphonesimulator*]" = UIStatusBarStyleDefault;
				INFOPLIST_KEY_UISupportedInterfaceOrientations_iPad = "UIInterfaceOrientationPortrait UIInterfaceOrientationPortraitUpsideDown UIInterfaceOrientationLandscapeLeft UIInterfaceOrientationLandscapeRight";
				INFOPLIST_KEY_UISupportedInterfaceOrientations_iPhone = "UIInterfaceOrientationPortrait UIInterfaceOrientationLandscapeLeft UIInterfaceOrientationLandscapeRight";
				IPHONEOS_DEPLOYMENT_TARGET = 16.1;
				LD_RUNPATH_SEARCH_PATHS = "@executable_path/Frameworks";
				"LD_RUNPATH_SEARCH_PATHS[sdk=macosx*]" = "@executable_path/../Frameworks";
				MACOSX_DEPLOYMENT_TARGET = 13.0;
				MARKETING_VERSION = 1.0;
				PRODUCT_BUNDLE_IDENTIFIER = com.persello.Paperboy;
				PRODUCT_NAME = "$(TARGET_NAME)";
				SDKROOT = auto;
				SUPPORTED_PLATFORMS = "iphoneos iphonesimulator macosx";
				SWIFT_EMIT_LOC_STRINGS = YES;
				SWIFT_VERSION = 5.0;
				TARGETED_DEVICE_FAMILY = "1,2";
			};
			name = Release;
		};
/* End XCBuildConfiguration section */

/* Begin XCConfigurationList section */
		8B721FEE293D07E4006B618E /* Build configuration list for PBXProject "Paperboy" */ = {
			isa = XCConfigurationList;
			buildConfigurations = (
				8B722000293D07E5006B618E /* Debug */,
				8B722001293D07E5006B618E /* Release */,
			);
			defaultConfigurationIsVisible = 0;
			defaultConfigurationName = Release;
		};
		8B722002293D07E5006B618E /* Build configuration list for PBXNativeTarget "Paperboy" */ = {
			isa = XCConfigurationList;
			buildConfigurations = (
				8B722003293D07E5006B618E /* Debug */,
				8B722004293D07E5006B618E /* Release */,
			);
			defaultConfigurationIsVisible = 0;
			defaultConfigurationName = Release;
		};
/* End XCConfigurationList section */

/* Begin XCRemoteSwiftPackageReference section */
		8B3A76012942574C00E3AB7C /* XCRemoteSwiftPackageReference "PredicateKit" */ = {
			isa = XCRemoteSwiftPackageReference;
			repositoryURL = "https://github.com/ftchirou/PredicateKit";
			requirement = {
				kind = upToNextMajorVersion;
				minimumVersion = 1.0.0;
			};
		};
		8B722005293D080F006B618E /* XCRemoteSwiftPackageReference "FeedKit" */ = {
			isa = XCRemoteSwiftPackageReference;
			repositoryURL = "https://github.com/nmdias/FeedKit";
			requirement = {
				kind = upToNextMajorVersion;
				minimumVersion = 9.0.0;
			};
		};
		8B8A83792945294B00D93109 /* XCRemoteSwiftPackageReference "FaviconFinder" */ = {
			isa = XCRemoteSwiftPackageReference;
			repositoryURL = "https://github.com/will-lumley/FaviconFinder";
			requirement = {
				kind = upToNextMajorVersion;
				minimumVersion = 4.0.0;
			};
		};
		8B8A837E2945306100D93109 /* XCRemoteSwiftPackageReference "SwiftSoup" */ = {
			isa = XCRemoteSwiftPackageReference;
			repositoryURL = "https://github.com/scinfu/SwiftSoup";
			requirement = {
				kind = upToNextMajorVersion;
				minimumVersion = 2.0.0;
			};
		};
/* End XCRemoteSwiftPackageReference section */

/* Begin XCSwiftPackageProductDependency section */
		8B3A76022942574C00E3AB7C /* PredicateKit */ = {
			isa = XCSwiftPackageProductDependency;
			package = 8B3A76012942574C00E3AB7C /* XCRemoteSwiftPackageReference "PredicateKit" */;
			productName = PredicateKit;
		};
		8B722006293D080F006B618E /* FeedKit */ = {
			isa = XCSwiftPackageProductDependency;
			package = 8B722005293D080F006B618E /* XCRemoteSwiftPackageReference "FeedKit" */;
			productName = FeedKit;
		};
		8B8A837A2945294B00D93109 /* FaviconFinder */ = {
			isa = XCSwiftPackageProductDependency;
			package = 8B8A83792945294B00D93109 /* XCRemoteSwiftPackageReference "FaviconFinder" */;
			productName = FaviconFinder;
		};
		8B8A837F2945306100D93109 /* SwiftSoup */ = {
			isa = XCSwiftPackageProductDependency;
			package = 8B8A837E2945306100D93109 /* XCRemoteSwiftPackageReference "SwiftSoup" */;
			productName = SwiftSoup;
		};
/* End XCSwiftPackageProductDependency section */

/* Begin XCVersionGroup section */
		8B766E1429424E4C00CFBDA8 /* Paperboy.xcdatamodeld */ = {
			isa = XCVersionGroup;
			children = (
				8B766E1529424E4C00CFBDA8 /* Paperboy.xcdatamodel */,
			);
			currentVersion = 8B766E1529424E4C00CFBDA8 /* Paperboy.xcdatamodel */;
			path = Paperboy.xcdatamodeld;
			sourceTree = "<group>";
			versionGroupType = wrapper.xcdatamodel;
		};
/* End XCVersionGroup section */
	};
	rootObject = 8B721FEB293D07E4006B618E /* Project object */;
}
